
Microsoft Visual Studio Solution File, Format Version 12.00
Project("{FAE04EC0-301F-11D3-BF4B-00C04F79EFBC}") = "C-Sharp-Base", "C-Sharp-Base\C-Sharp-Base.csproj", "{9C09B051-8239-4488-9EF7-A3D35E9BF459}"
EndProject
Global
	GlobalSection(SolutionConfigurationPlatforms) = preSolution
		Debug|Any CPU = Debug|Any CPU
		Release|Any CPU = Release|Any CPU
	EndGlobalSection
	GlobalSection(ProjectConfigurationPlatforms) = postSolution
		{9C09B051-8239-4488-9EF7-A3D35E9BF459}.Debug|Any CPU.ActiveCfg = Debug|Any CPU
		{9C09B051-8239-4488-9EF7-A3D35E9BF459}.Debug|Any CPU.Build.0 = Debug|Any CPU
		{9C09B051-8239-4488-9EF7-A3D35E9BF459}.Release|Any CPU.ActiveCfg = Release|Any CPU
		{9C09B051-8239-4488-9EF7-A3D35E9BF459}.Release|Any CPU.Build.0 = Release|Any CPU
	EndGlobalSection
EndGlobal
